
Microsoft Visual Studio Solution File, Format Version 12.00
# Visual Studio Version 17
VisualStudioVersion = 17.14.36518.9 d17.14
MinimumVisualStudioVersion = 10.0.40219.1
Project("{FAE04EC0-301F-11D3-BF4B-00C04F79EFBC}") = "Saa3idWeb", "Saa3idWeb\Saa3idWeb.csproj", "{2CE6F7A6-1E2D-47F2-9742-4831D8B8B9CA}"
EndProject
Global
	GlobalSection(SolutionConfigurationPlatforms) = preSolution
		Debug|Any CPU = Debug|Any CPU
		Release|Any CPU = Release|Any CPU
	EndGlobalSection
	GlobalSection(ProjectConfigurationPlatforms) = postSolution
		{2CE6F7A6-1E2D-47F2-9742-4831D8B8B9CA}.Debug|Any CPU.ActiveCfg = Debug|Any CPU
		{2CE6F7A6-1E2D-47F2-9742-4831D8B8B9CA}.Debug|Any CPU.Build.0 = Debug|Any CPU
		{2CE6F7A6-1E2D-47F2-9742-4831D8B8B9CA}.Release|Any CPU.ActiveCfg = Release|Any CPU
		{2CE6F7A6-1E2D-47F2-9742-4831D8B8B9CA}.Release|Any CPU.Build.0 = Release|Any CPU
	EndGlobalSection
	GlobalSection(SolutionProperties) = preSolution
		HideSolutionNode = FALSE
	EndGlobalSection
	GlobalSection(ExtensibilityGlobals) = postSolution
		SolutionGuid = {92928D49-7F76-45FD-91A5-431F6FE24238}
	EndGlobalSection
EndGlobal
